
Microsoft Visual Studio Solution File, Format Version 12.00
# Visual Studio Version 16
VisualStudioVersion = 16.0.29306.81
MinimumVisualStudioVersion = 10.0.40219.1
Project("{FAE04EC0-301F-11D3-BF4B-00C04F79EFBC}") = "AppScheduler", "AppScheduler.csproj", "{FBE33216-C151-4CCB-B699-E8C71CEEBE02}"
EndProject
Global
	GlobalSection(SolutionConfigurationPlatforms) = preSolution
		Debug|Any CPU = Debug|Any CPU
		Release|Any CPU = Release|Any CPU
	EndGlobalSection
	GlobalSection(ProjectConfigurationPlatforms) = postSolution
		{FBE33216-C151-4CCB-B699-E8C71CEEBE02}.Debug|Any CPU.ActiveCfg = Debug|Any CPU
		{FBE33216-C151-4CCB-B699-E8C71CEEBE02}.Debug|Any CPU.Build.0 = Debug|Any CPU
		{FBE33216-C151-4CCB-B699-E8C71CEEBE02}.Release|Any CPU.ActiveCfg = Release|Any CPU
		{FBE33216-C151-4CCB-B699-E8C71CEEBE02}.Release|Any CPU.Build.0 = Release|Any CPU
	EndGlobalSection
	GlobalSection(SolutionProperties) = preSolution
		HideSolutionNode = FALSE
	EndGlobalSection
	GlobalSection(ExtensibilityGlobals) = postSolution
		SolutionGuid = {2CB3ED1E-75EA-48F6-8DA5-7A815E2B7A81}
	EndGlobalSection
EndGlobal
